
Microsoft Visual Studio Solution File, Format Version 12.00
# Visual Studio Version 16
VisualStudioVersion = 16.0.32802.440
MinimumVisualStudioVersion = 10.0.40219.1
Project("{FAE04EC0-301F-11D3-BF4B-00C04F79EFBC}") = "MyMVCNET.UI", "MyMVCNET.UI\MyMVCNET.UI.csproj", "{C84009F5-C392-402E-A37E-051379D075B1}"
EndProject
Global
	GlobalSection(SolutionConfigurationPlatforms) = preSolution
		Debug|Any CPU = Debug|Any CPU
		Release|Any CPU = Release|Any CPU
	EndGlobalSection
	GlobalSection(ProjectConfigurationPlatforms) = postSolution
		{C84009F5-C392-402E-A37E-051379D075B1}.Debug|Any CPU.ActiveCfg = Debug|Any CPU
		{C84009F5-C392-402E-A37E-051379D075B1}.Debug|Any CPU.Build.0 = Debug|Any CPU
		{C84009F5-C392-402E-A37E-051379D075B1}.Release|Any CPU.ActiveCfg = Release|Any CPU
		{C84009F5-C392-402E-A37E-051379D075B1}.Release|Any CPU.Build.0 = Release|Any CPU
	EndGlobalSection
	GlobalSection(SolutionProperties) = preSolution
		HideSolutionNode = FALSE
	EndGlobalSection
	GlobalSection(ExtensibilityGlobals) = postSolution
		SolutionGuid = {7F8E714A-2D37-4773-B045-8EF859E3600A}
	EndGlobalSection
EndGlobal
